
Microsoft Visual Studio Solution File, Format Version 11.00
# Visual Studio 2010
Project("{FAE04EC0-301F-11D3-BF4B-00C04F79EFBC}") = "XCharts.Runtime", "XCharts.Runtime.csproj", "{31db4306-ffe1-4334-692d-895b65f556aa}"
EndProject
Project("{FAE04EC0-301F-11D3-BF4B-00C04F79EFBC}") = "Assembly-CSharp", "Assembly-CSharp.csproj", "{66fcc426-15b3-94e9-ea80-c3bc2f50d5b1}"
EndProject
Project("{FAE04EC0-301F-11D3-BF4B-00C04F79EFBC}") = "XCharts.Editor", "XCharts.Editor.csproj", "{d15c17fe-1d34-0645-6733-307bd26dcf45}"
EndProject
Project("{FAE04EC0-301F-11D3-BF4B-00C04F79EFBC}") = "Assembly-CSharp-Editor", "Assembly-CSharp-Editor.csproj", "{315d52e9-4717-9e25-873e-eac860a7321f}"
EndProject
Project("{FAE04EC0-301F-11D3-BF4B-00C04F79EFBC}") = "XCharts.Examples", "XCharts.Examples.csproj", "{12fd4115-c069-61b8-b087-b9ddf2a7fdc7}"
EndProject
Global
	GlobalSection(SolutionConfigurationPlatforms) = preSolution
		Debug|Any CPU = Debug|Any CPU
	EndGlobalSection
	GlobalSection(ProjectConfigurationPlatforms) = postSolution
		{31db4306-ffe1-4334-692d-895b65f556aa}.Debug|Any CPU.ActiveCfg = Debug|Any CPU
		{31db4306-ffe1-4334-692d-895b65f556aa}.Debug|Any CPU.Build.0 = Debug|Any CPU
		{66fcc426-15b3-94e9-ea80-c3bc2f50d5b1}.Debug|Any CPU.ActiveCfg = Debug|Any CPU
		{66fcc426-15b3-94e9-ea80-c3bc2f50d5b1}.Debug|Any CPU.Build.0 = Debug|Any CPU
		{d15c17fe-1d34-0645-6733-307bd26dcf45}.Debug|Any CPU.ActiveCfg = Debug|Any CPU
		{d15c17fe-1d34-0645-6733-307bd26dcf45}.Debug|Any CPU.Build.0 = Debug|Any CPU
		{315d52e9-4717-9e25-873e-eac860a7321f}.Debug|Any CPU.ActiveCfg = Debug|Any CPU
		{315d52e9-4717-9e25-873e-eac860a7321f}.Debug|Any CPU.Build.0 = Debug|Any CPU
		{12fd4115-c069-61b8-b087-b9ddf2a7fdc7}.Debug|Any CPU.ActiveCfg = Debug|Any CPU
		{12fd4115-c069-61b8-b087-b9ddf2a7fdc7}.Debug|Any CPU.Build.0 = Debug|Any CPU
	EndGlobalSection
	GlobalSection(SolutionProperties) = preSolution
		HideSolutionNode = FALSE
	EndGlobalSection
EndGlobal
